
Microsoft Visual Studio Solution File, Format Version 12.00
# Visual Studio Version 17
VisualStudioVersion = 17.9.34728.123
MinimumVisualStudioVersion = 10.0.40219.1
Project("{9A19103F-16F7-4668-BE54-9A1E7A4F7556}") = "AssetStatusInfo", "AssetStatusInfo\AssetStatusInfo.csproj", "{6D7B130A-E395-451F-B2D1-D5E88A7218D9}"
EndProject
Project("{C7167F0D-BC9F-4E6E-AFE1-012C56B48DB5}") = "InitialPackage", "InitialPackage\InitialPackage.wapproj", "{38EAA3F4-F91A-49A5-9FD3-D3EF21038AC2}"
EndProject
Global
	GlobalSection(SolutionConfigurationPlatforms) = preSolution
		Build|Any CPU = Build|Any CPU
		Build|ARM = Build|ARM
		Build|ARM64 = Build|ARM64
		Build|x64 = Build|x64
		Build|x86 = Build|x86
		Debug|Any CPU = Debug|Any CPU
		Debug|ARM = Debug|ARM
		Debug|ARM64 = Debug|ARM64
		Debug|x64 = Debug|x64
		Debug|x86 = Debug|x86
		Release|Any CPU = Release|Any CPU
		Release|ARM = Release|ARM
		Release|ARM64 = Release|ARM64
		Release|x64 = Release|x64
		Release|x86 = Release|x86
	EndGlobalSection
	GlobalSection(ProjectConfigurationPlatforms) = postSolution
		{6D7B130A-E395-451F-B2D1-D5E88A7218D9}.Build|Any CPU.ActiveCfg = Build|Any CPU
		{6D7B130A-E395-451F-B2D1-D5E88A7218D9}.Build|Any CPU.Build.0 = Build|Any CPU
		{6D7B130A-E395-451F-B2D1-D5E88A7218D9}.Build|ARM.ActiveCfg = Build|Any CPU
		{6D7B130A-E395-451F-B2D1-D5E88A7218D9}.Build|ARM.Build.0 = Build|Any CPU
		{6D7B130A-E395-451F-B2D1-D5E88A7218D9}.Build|ARM64.ActiveCfg = Build|Any CPU
		{6D7B130A-E395-451F-B2D1-D5E88A7218D9}.Build|ARM64.Build.0 = Build|Any CPU
		{6D7B130A-E395-451F-B2D1-D5E88A7218D9}.Build|x64.ActiveCfg = Build|Any CPU
		{6D7B130A-E395-451F-B2D1-D5E88A7218D9}.Build|x64.Build.0 = Build|Any CPU
		{6D7B130A-E395-451F-B2D1-D5E88A7218D9}.Build|x86.ActiveCfg = Build|Any CPU
		{6D7B130A-E395-451F-B2D1-D5E88A7218D9}.Build|x86.Build.0 = Build|Any CPU
		{6D7B130A-E395-451F-B2D1-D5E88A7218D9}.Debug|Any CPU.ActiveCfg = Debug|Any CPU
		{6D7B130A-E395-451F-B2D1-D5E88A7218D9}.Debug|Any CPU.Build.0 = Debug|Any CPU
		{6D7B130A-E395-451F-B2D1-D5E88A7218D9}.Debug|ARM.ActiveCfg = Debug|Any CPU
		{6D7B130A-E395-451F-B2D1-D5E88A7218D9}.Debug|ARM.Build.0 = Debug|Any CPU
		{6D7B130A-E395-451F-B2D1-D5E88A7218D9}.Debug|ARM64.ActiveCfg = Debug|Any CPU
		{6D7B130A-E395-451F-B2D1-D5E88A7218D9}.Debug|ARM64.Build.0 = Debug|Any CPU
		{6D7B130A-E395-451F-B2D1-D5E88A7218D9}.Debug|x64.ActiveCfg = Debug|Any CPU
		{6D7B130A-E395-451F-B2D1-D5E88A7218D9}.Debug|x64.Build.0 = Debug|Any CPU
		{6D7B130A-E395-451F-B2D1-D5E88A7218D9}.Debug|x86.ActiveCfg = Debug|Any CPU
		{6D7B130A-E395-451F-B2D1-D5E88A7218D9}.Debug|x86.Build.0 = Debug|Any CPU
		{6D7B130A-E395-451F-B2D1-D5E88A7218D9}.Release|Any CPU.ActiveCfg = Release|Any CPU
		{6D7B130A-E395-451F-B2D1-D5E88A7218D9}.Release|Any CPU.Build.0 = Release|Any CPU
		{6D7B130A-E395-451F-B2D1-D5E88A7218D9}.Release|ARM.ActiveCfg = Release|Any CPU
		{6D7B130A-E395-451F-B2D1-D5E88A7218D9}.Release|ARM.Build.0 = Release|Any CPU
		{6D7B130A-E395-451F-B2D1-D5E88A7218D9}.Release|ARM64.ActiveCfg = Release|Any CPU
		{6D7B130A-E395-451F-B2D1-D5E88A7218D9}.Release|ARM64.Build.0 = Release|Any CPU
		{6D7B130A-E395-451F-B2D1-D5E88A7218D9}.Release|x64.ActiveCfg = Release|Any CPU
		{6D7B130A-E395-451F-B2D1-D5E88A7218D9}.Release|x64.Build.0 = Release|Any CPU
		{6D7B130A-E395-451F-B2D1-D5E88A7218D9}.Release|x86.ActiveCfg = Release|Any CPU
		{6D7B130A-E395-451F-B2D1-D5E88A7218D9}.Release|x86.Build.0 = Release|Any CPU
		{38EAA3F4-F91A-49A5-9FD3-D3EF21038AC2}.Build|Any CPU.ActiveCfg = Release|Any CPU
		{38EAA3F4-F91A-49A5-9FD3-D3EF21038AC2}.Build|Any CPU.Build.0 = Release|Any CPU
		{38EAA3F4-F91A-49A5-9FD3-D3EF21038AC2}.Build|Any CPU.Deploy.0 = Release|Any CPU
		{38EAA3F4-F91A-49A5-9FD3-D3EF21038AC2}.Build|ARM.ActiveCfg = Debug|ARM
		{38EAA3F4-F91A-49A5-9FD3-D3EF21038AC2}.Build|ARM.Build.0 = Debug|ARM
		{38EAA3F4-F91A-49A5-9FD3-D3EF21038AC2}.Build|ARM.Deploy.0 = Debug|ARM
		{38EAA3F4-F91A-49A5-9FD3-D3EF21038AC2}.Build|ARM64.ActiveCfg = Debug|ARM64
		{38EAA3F4-F91A-49A5-9FD3-D3EF21038AC2}.Build|ARM64.Build.0 = Debug|ARM64
		{38EAA3F4-F91A-49A5-9FD3-D3EF21038AC2}.Build|ARM64.Deploy.0 = Debug|ARM64
		{38EAA3F4-F91A-49A5-9FD3-D3EF21038AC2}.Build|x64.ActiveCfg = Debug|x64
		{38EAA3F4-F91A-49A5-9FD3-D3EF21038AC2}.Build|x64.Build.0 = Debug|x64
		{38EAA3F4-F91A-49A5-9FD3-D3EF21038AC2}.Build|x64.Deploy.0 = Debug|x64
		{38EAA3F4-F91A-49A5-9FD3-D3EF21038AC2}.Build|x86.ActiveCfg = Debug|x86
		{38EAA3F4-F91A-49A5-9FD3-D3EF21038AC2}.Build|x86.Build.0 = Debug|x86
		{38EAA3F4-F91A-49A5-9FD3-D3EF21038AC2}.Build|x86.Deploy.0 = Debug|x86
		{38EAA3F4-F91A-49A5-9FD3-D3EF21038AC2}.Debug|Any CPU.ActiveCfg = Debug|Any CPU
		{38EAA3F4-F91A-49A5-9FD3-D3EF21038AC2}.Debug|Any CPU.Build.0 = Debug|Any CPU
		{38EAA3F4-F91A-49A5-9FD3-D3EF21038AC2}.Debug|Any CPU.Deploy.0 = Debug|Any CPU
		{38EAA3F4-F91A-49A5-9FD3-D3EF21038AC2}.Debug|ARM.ActiveCfg = Debug|ARM
		{38EAA3F4-F91A-49A5-9FD3-D3EF21038AC2}.Debug|ARM.Build.0 = Debug|ARM
		{38EAA3F4-F91A-49A5-9FD3-D3EF21038AC2}.Debug|ARM.Deploy.0 = Debug|ARM
		{38EAA3F4-F91A-49A5-9FD3-D3EF21038AC2}.Debug|ARM64.ActiveCfg = Debug|ARM64
		{38EAA3F4-F91A-49A5-9FD3-D3EF21038AC2}.Debug|ARM64.Build.0 = Debug|ARM64
		{38EAA3F4-F91A-49A5-9FD3-D3EF21038AC2}.Debug|ARM64.Deploy.0 = Debug|ARM64
		{38EAA3F4-F91A-49A5-9FD3-D3EF21038AC2}.Debug|x64.ActiveCfg = Debug|x64
		{38EAA3F4-F91A-49A5-9FD3-D3EF21038AC2}.Debug|x64.Build.0 = Debug|x64
		{38EAA3F4-F91A-49A5-9FD3-D3EF21038AC2}.Debug|x64.Deploy.0 = Debug|x64
		{38EAA3F4-F91A-49A5-9FD3-D3EF21038AC2}.Debug|x86.ActiveCfg = Debug|x86
		{38EAA3F4-F91A-49A5-9FD3-D3EF21038AC2}.Debug|x86.Build.0 = Debug|x86
		{38EAA3F4-F91A-49A5-9FD3-D3EF21038AC2}.Debug|x86.Deploy.0 = Debug|x86
		{38EAA3F4-F91A-49A5-9FD3-D3EF21038AC2}.Release|Any CPU.ActiveCfg = Release|Any CPU
		{38EAA3F4-F91A-49A5-9FD3-D3EF21038AC2}.Release|Any CPU.Build.0 = Release|Any CPU
		{38EAA3F4-F91A-49A5-9FD3-D3EF21038AC2}.Release|Any CPU.Deploy.0 = Release|Any CPU
		{38EAA3F4-F91A-49A5-9FD3-D3EF21038AC2}.Release|ARM.ActiveCfg = Release|ARM
		{38EAA3F4-F91A-49A5-9FD3-D3EF21038AC2}.Release|ARM.Build.0 = Release|ARM
		{38EAA3F4-F91A-49A5-9FD3-D3EF21038AC2}.Release|ARM.Deploy.0 = Release|ARM
		{38EAA3F4-F91A-49A5-9FD3-D3EF21038AC2}.Release|ARM64.ActiveCfg = Release|ARM64
		{38EAA3F4-F91A-49A5-9FD3-D3EF21038AC2}.Release|ARM64.Build.0 = Release|ARM64
		{38EAA3F4-F91A-49A5-9FD3-D3EF21038AC2}.Release|ARM64.Deploy.0 = Release|ARM64
		{38EAA3F4-F91A-49A5-9FD3-D3EF21038AC2}.Release|x64.ActiveCfg = Release|x64
		{38EAA3F4-F91A-49A5-9FD3-D3EF21038AC2}.Release|x64.Build.0 = Release|x64
		{38EAA3F4-F91A-49A5-9FD3-D3EF21038AC2}.Release|x64.Deploy.0 = Release|x64
		{38EAA3F4-F91A-49A5-9FD3-D3EF21038AC2}.Release|x86.ActiveCfg = Release|x86
		{38EAA3F4-F91A-49A5-9FD3-D3EF21038AC2}.Release|x86.Build.0 = Release|x86
		{38EAA3F4-F91A-49A5-9FD3-D3EF21038AC2}.Release|x86.Deploy.0 = Release|x86
	EndGlobalSection
	GlobalSection(SolutionProperties) = preSolution
		HideSolutionNode = FALSE
	EndGlobalSection
	GlobalSection(ExtensibilityGlobals) = postSolution
		SolutionGuid = {A9BCD90D-CC09-4ADF-8025-DD698389F918}
	EndGlobalSection
EndGlobal
